// !$*UTF8*$!
{
	archiveVersion = 1;
	classes = {
	};
	objectVersion = 56;
	objects = {

/* Begin PBXBuildFile section */
		CA0431CC2A1787F100AD3F83 /* AppDelegate.swift in Sources */ = {isa = PBXBuildFile; fileRef = CA0431CB2A1787F100AD3F83 /* AppDelegate.swift */; };
		CA0431CE2A1787F100AD3F83 /* SceneDelegate.swift in Sources */ = {isa = PBXBuildFile; fileRef = CA0431CD2A1787F100AD3F83 /* SceneDelegate.swift */; };
		CA0431D02A1787F100AD3F83 /* ViewController.swift in Sources */ = {isa = PBXBuildFile; fileRef = CA0431CF2A1787F100AD3F83 /* ViewController.swift */; };
		CA0431D32A1787F100AD3F83 /* Main.storyboard in Resources */ = {isa = PBXBuildFile; fileRef = CA0431D12A1787F100AD3F83 /* Main.storyboard */; };
		CA0431D52A1787F200AD3F83 /* Assets.xcassets in Resources */ = {isa = PBXBuildFile; fileRef = CA0431D42A1787F200AD3F83 /* Assets.xcassets */; };
		CA0431D82A1787F200AD3F83 /* LaunchScreen.storyboard in Resources */ = {isa = PBXBuildFile; fileRef = CA0431D62A1787F200AD3F83 /* LaunchScreen.storyboard */; };
		CA0431E02A1789A400AD3F83 /* TableViewController.swift in Sources */ = {isa = PBXBuildFile; fileRef = CA0431DF2A1789A400AD3F83 /* TableViewController.swift */; };
		CA0431E22A17A16800AD3F83 /* Serial.swift in Sources */ = {isa = PBXBuildFile; fileRef = CA0431E12A17A16700AD3F83 /* Serial.swift */; };
/* End PBXBuildFile section */

/* Begin PBXFileReference section */
		CA0431C82A1787F100AD3F83 /* SerialSherlock.app */ = {isa = PBXFileReference; explicitFileType = wrapper.application; includeInIndex = 0; path = SerialSherlock.app; sourceTree = BUILT_PRODUCTS_DIR; };
		CA0431CB2A1787F100AD3F83 /* AppDelegate.swift */ = {isa = PBXFileReference; lastKnownFileType = sourcecode.swift; path = AppDelegate.swift; sourceTree = "<group>"; };
		CA0431CD2A1787F100AD3F83 /* SceneDelegate.swift */ = {isa = PBXFileReference; lastKnownFileType = sourcecode.swift; path = SceneDelegate.swift; sourceTree = "<group>"; };
		CA0431CF2A1787F100AD3F83 /* ViewController.swift */ = {isa = PBXFileReference; lastKnownFileType = sourcecode.swift; path = ViewController.swift; sourceTree = "<group>"; };
		CA0431D22A1787F100AD3F83 /* Base */ = {isa = PBXFileReference; lastKnownFileType = file.storyboard; name = Base; path = Base.lproj/Main.storyboard; sourceTree = "<group>"; };
		CA0431D42A1787F200AD3F83 /* Assets.xcassets */ = {isa = PBXFileReference; lastKnownFileType = folder.assetcatalog; path = Assets.xcassets; sourceTree = "<group>"; };
		CA0431D72A1787F200AD3F83 /* Base */ = {isa = PBXFileReference; lastKnownFileType = file.storyboard; name = Base; path = Base.lproj/LaunchScreen.storyboard; sourceTree = "<group>"; };
		CA0431D92A1787F200AD3F83 /* Info.plist */ = {isa = PBXFileReference; lastKnownFileType = text.plist.xml; path = Info.plist; sourceTree = "<group>"; };
		CA0431DF2A1789A400AD3F83 /* TableViewController.swift */ = {isa = PBXFileReference; lastKnownFileType = sourcecode.swift; path = TableViewController.swift; sourceTree = "<group>"; };
		CA0431E12A17A16700AD3F83 /* Serial.swift */ = {isa = PBXFileReference; lastKnownFileType = sourcecode.swift; path = Serial.swift; sourceTree = "<group>"; };
/* End PBXFileReference section */

/* Begin PBXFrameworksBuildPhase section */
		CA0431C52A1787F100AD3F83 /* Frameworks */ = {
			isa = PBXFrameworksBuildPhase;
			buildActionMask = 2147483647;
			files = (
			);
			runOnlyForDeploymentPostprocessing = 0;
		};
/* End PBXFrameworksBuildPhase section */

/* Begin PBXGroup section */
		CA0431BF2A1787F100AD3F83 = {
			isa = PBXGroup;
			children = (
				CA0431CA2A1787F100AD3F83 /* SerialSherlock */,
				CA0431C92A1787F100AD3F83 /* Products */,
			);
			sourceTree = "<group>";
		};
		CA0431C92A1787F100AD3F83 /* Products */ = {
			isa = PBXGroup;
			children = (
				CA0431C82A1787F100AD3F83 /* SerialSherlock.app */,
			);
			name = Products;
			sourceTree = "<group>";
		};
		CA0431CA2A1787F100AD3F83 /* SerialSherlock */ = {
			isa = PBXGroup;
			children = (
				CA0431CB2A1787F100AD3F83 /* AppDelegate.swift */,
				CA0431CD2A1787F100AD3F83 /* SceneDelegate.swift */,
				CA0431CF2A1787F100AD3F83 /* ViewController.swift */,
				CA0431DF2A1789A400AD3F83 /* TableViewController.swift */,
				CA0431E12A17A16700AD3F83 /* Serial.swift */,
				CA0431D12A1787F100AD3F83 /* Main.storyboard */,
				CA0431D42A1787F200AD3F83 /* Assets.xcassets */,
				CA0431D62A1787F200AD3F83 /* LaunchScreen.storyboard */,
				CA0431D92A1787F200AD3F83 /* Info.plist */,
			);
			path = SerialSherlock;
			sourceTree = "<group>";
		};
/* End PBXGroup section */

/* Begin PBXNativeTarget section */
		CA0431C72A1787F100AD3F83 /* SerialSherlock */ = {
			isa = PBXNativeTarget;
			buildConfigurationList = CA0431DC2A1787F200AD3F83 /* Build configuration list for PBXNativeTarget "SerialSherlock" */;
			buildPhases = (
				CA0431C42A1787F100AD3F83 /* Sources */,
				CA0431C52A1787F100AD3F83 /* Frameworks */,
				CA0431C62A1787F100AD3F83 /* Resources */,
			);
			buildRules = (
			);
			dependencies = (
			);
			name = SerialSherlock;
			productName = SerialSherlock;
			productReference = CA0431C82A1787F100AD3F83 /* SerialSherlock.app */;
			productType = "com.apple.product-type.application";
		};
/* End PBXNativeTarget section */

/* Begin PBXProject section */
		CA0431C02A1787F100AD3F83 /* Project object */ = {
			isa = PBXProject;
			attributes = {
				BuildIndependentTargetsInParallel = 1;
				LastSwiftUpdateCheck = 1430;
				LastUpgradeCheck = 1430;
				TargetAttributes = {
					CA0431C72A1787F100AD3F83 = {
						CreatedOnToolsVersion = 14.3;
					};
				};
			};
			buildConfigurationList = CA0431C32A1787F100AD3F83 /* Build configuration list for PBXProject "SerialSherlock" */;
			compatibilityVersion = "Xcode 14.0";
			developmentRegion = en;
			hasScannedForEncodings = 0;
			knownRegions = (
				en,
				Base,
			);
			mainGroup = CA0431BF2A1787F100AD3F83;
			productRefGroup = CA0431C92A1787F100AD3F83 /* Products */;
			projectDirPath = "";
			projectRoot = "";
			targets = (
				CA0431C72A1787F100AD3F83 /* SerialSherlock */,
			);
		};
/* End PBXProject section */

/* Begin PBXResourcesBuildPhase section */
		CA0431C62A1787F100AD3F83 /* Resources */ = {
			isa = PBXResourcesBuildPhase;
			buildActionMask = 2147483647;
			files = (
				CA0431D82A1787F200AD3F83 /* LaunchScreen.storyboard in Resources */,
				CA0431D52A1787F200AD3F83 /* Assets.xcassets in Resources */,
				CA0431D32A1787F100AD3F83 /* Main.storyboard in Resources */,
			);
			runOnlyForDeploymentPostprocessing = 0;
		};
/* End PBXResourcesBuildPhase section */

/* Begin PBXSourcesBuildPhase section */
		CA0431C42A1787F100AD3F83 /* Sources */ = {
			isa = PBXSourcesBuildPhase;
			buildActionMask = 2147483647;
			files = (
				CA0431E22A17A16800AD3F83 /* Serial.swift in Sources */,
				CA0431D02A1787F100AD3F83 /* ViewController.swift in Sources */,
				CA0431CC2A1787F100AD3F83 /* AppDelegate.swift in Sources */,
				CA0431CE2A1787F100AD3F83 /* SceneDelegate.swift in Sources */,
				CA0431E02A1789A400AD3F83 /* TableViewController.swift in Sources */,
			);
			runOnlyForDeploymentPostprocessing = 0;
		};
/* End PBXSourcesBuildPhase section */

/* Begin PBXVariantGroup section */
		CA0431D12A1787F100AD3F83 /* Main.storyboard */ = {
			isa = PBXVariantGroup;
			children = (
				CA0431D22A1787F100AD3F83 /* Base */,
			);
			name = Main.storyboard;
			sourceTree = "<group>";
		};
		CA0431D62A1787F200AD3F83 /* LaunchScreen.storyboard */ = {
			isa = PBXVariantGroup;
			children = (
				CA0431D72A1787F200AD3F83 /* Base */,
			);
			name = LaunchScreen.storyboard;
			sourceTree = "<group>";
		};
/* End PBXVariantGroup section */

/* Begin XCBuildConfiguration section */
		CA0431DA2A1787F200AD3F83 /* Debug */ = {
			isa = XCBuildConfiguration;
			buildSettings = {
				ALWAYS_SEARCH_USER_PATHS = NO;
				CLANG_ANALYZER_NONNULL = YES;
				CLANG_ANALYZER_NUMBER_OBJECT_CONVERSION = YES_AGGRESSIVE;
				CLANG_CXX_LANGUAGE_STANDARD = "gnu++20";
				CLANG_ENABLE_MODULES = YES;
				CLANG_ENABLE_OBJC_ARC = YES;
				CLANG_ENABLE_OBJC_WEAK = YES;
				CLANG_WARN_BLOCK_CAPTURE_AUTORELEASING = YES;
				CLANG_WARN_BOOL_CONVERSION = YES;
				CLANG_WARN_COMMA = YES;
				CLANG_WARN_CONSTANT_CONVERSION = YES;
				CLANG_WARN_DEPRECATED_OBJC_IMPLEMENTATIONS = YES;
				CLANG_WARN_DIRECT_OBJC_ISA_USAGE = YES_ERROR;
				CLANG_WARN_DOCUMENTATION_COMMENTS = YES;
				CLANG_WARN_EMPTY_BODY = YES;
				CLANG_WARN_ENUM_CONVERSION = YES;
				CLANG_WARN_INFINITE_RECURSION = YES;
				CLANG_WARN_INT_CONVERSION = YES;
				CLANG_WARN_NON_LITERAL_NULL_CONVERSION = YES;
				CLANG_WARN_OBJC_IMPLICIT_RETAIN_SELF = YES;
				CLANG_WARN_OBJC_LITERAL_CONVERSION = YES;
				CLANG_WARN_OBJC_ROOT_CLASS = YES_ERROR;
				CLANG_WARN_QUOTED_INCLUDE_IN_FRAMEWORK_HEADER = YES;
				CLANG_WARN_RANGE_LOOP_ANALYSIS = YES;
				CLANG_WARN_STRICT_PROTOTYPES = YES;
				CLANG_WARN_SUSPICIOUS_MOVE = YES;
				CLANG_WARN_UNGUARDED_AVAILABILITY = YES_AGGRESSIVE;
				CLANG_WARN_UNREACHABLE_CODE = YES;
				CLANG_WARN__DUPLICATE_METHOD_MATCH = YES;
				COPY_PHASE_STRIP = NO;
				DEBUG_INFORMATION_FORMAT = dwarf;
				ENABLE_STRICT_OBJC_MSGSEND = YES;
				ENABLE_TESTABILITY = YES;
				GCC_C_LANGUAGE_STANDARD = gnu11;
				GCC_DYNAMIC_NO_PIC = NO;
				GCC_NO_COMMON_BLOCKS = YES;
				GCC_OPTIMIZATION_LEVEL = 0;
				GCC_PREPROCESSOR_DEFINITIONS = (
					"DEBUG=1",
					"$(inherited)",
				);
				GCC_WARN_64_TO_32_BIT_CONVERSION = YES;
				GCC_WARN_ABOUT_RETURN_TYPE = YES_ERROR;
				GCC_WARN_UNDECLARED_SELECTOR = YES;
				GCC_WARN_UNINITIALIZED_AUTOS = YES_AGGRESSIVE;
				GCC_WARN_UNUSED_FUNCTION = YES;
				GCC_WARN_UNUSED_VARIABLE = YES;
				IPHONEOS_DEPLOYMENT_TARGET = 16.4;
				MTL_ENABLE_DEBUG_INFO = INCLUDE_SOURCE;
				MTL_FAST_MATH = YES;
				ONLY_ACTIVE_ARCH = YES;
				SDKROOT = iphoneos;
				SWIFT_ACTIVE_COMPILATION_CONDITIONS = DEBUG;
				SWIFT_OPTIMIZATION_LEVEL = "-Onone";
			};
			name = Debug;
		};
		CA0431DB2A1787F200AD3F83 /* Release */ = {
			isa = XCBuildConfiguration;
			buildSettings = {
				ALWAYS_SEARCH_USER_PATHS = NO;
				CLANG_ANALYZER_NONNULL = YES;
				CLANG_ANALYZER_NUMBER_OBJECT_CONVERSION = YES_AGGRESSIVE;
				CLANG_CXX_LANGUAGE_STANDARD = "gnu++20";
				CLANG_ENABLE_MODULES = YES;
				CLANG_ENABLE_OBJC_ARC = YES;
				CLANG_ENABLE_OBJC_WEAK = YES;
				CLANG_WARN_BLOCK_CAPTURE_AUTORELEASING = YES;
				CLANG_WARN_BOOL_CONVERSION = YES;
				CLANG_WARN_COMMA = YES;
				CLANG_WARN_CONSTANT_CONVERSION = YES;
				CLANG_WARN_DEPRECATED_OBJC_IMPLEMENTATIONS = YES;
				CLANG_WARN_DIRECT_OBJC_ISA_USAGE = YES_ERROR;
				CLANG_WARN_DOCUMENTATION_COMMENTS = YES;
				CLANG_WARN_EMPTY_BODY = YES;
				CLANG_WARN_ENUM_CONVERSION = YES;
				CLANG_WARN_INFINITE_RECURSION = YES;
				CLANG_WARN_INT_CONVERSION = YES;
				CLANG_WARN_NON_LITERAL_NULL_CONVERSION = YES;
				CLANG_WARN_OBJC_IMPLICIT_RETAIN_SELF = YES;
				CLANG_WARN_OBJC_LITERAL_CONVERSION = YES;
				CLANG_WARN_OBJC_ROOT_CLASS = YES_ERROR;
				CLANG_WARN_QUOTED_INCLUDE_IN_FRAMEWORK_HEADER = YES;
				CLANG_WARN_RANGE_LOOP_ANALYSIS = YES;
				CLANG_WARN_STRICT_PROTOTYPES = YES;
				CLANG_WARN_SUSPICIOUS_MOVE = YES;
				CLANG_WARN_UNGUARDED_AVAILABILITY = YES_AGGRESSIVE;
				CLANG_WARN_UNREACHABLE_CODE = YES;
				CLANG_WARN__DUPLICATE_METHOD_MATCH = YES;
				COPY_PHASE_STRIP = NO;
				DEBUG_INFORMATION_FORMAT = "dwarf-with-dsym";
				ENABLE_NS_ASSERTIONS = NO;
				ENABLE_STRICT_OBJC_MSGSEND = YES;
				GCC_C_LANGUAGE_STANDARD = gnu11;
				GCC_NO_COMMON_BLOCKS = YES;
				GCC_WARN_64_TO_32_BIT_CONVERSION = YES;
				GCC_WARN_ABOUT_RETURN_TYPE = YES_ERROR;
				GCC_WARN_UNDECLARED_SELECTOR = YES;
				GCC_WARN_UNINITIALIZED_AUTOS = YES_AGGRESSIVE;
				GCC_WARN_UNUSED_FUNCTION = YES;
				GCC_WARN_UNUSED_VARIABLE = YES;
				IPHONEOS_DEPLOYMENT_TARGET = 16.4;
				MTL_ENABLE_DEBUG_INFO = NO;
				MTL_FAST_MATH = YES;
				SDKROOT = iphoneos;
				SWIFT_COMPILATION_MODE = wholemodule;
				SWIFT_OPTIMIZATION_LEVEL = "-O";
				VALIDATE_PRODUCT = YES;
			};
			name = Release;
		};
		CA0431DD2A1787F200AD3F83 /* Debug */ = {
			isa = XCBuildConfiguration;
			buildSettings = {
				ASSETCATALOG_COMPILER_APPICON_NAME = AppIcon;
				ASSETCATALOG_COMPILER_GLOBAL_ACCENT_COLOR_NAME = AccentColor;
				CODE_SIGN_STYLE = Automatic;
				CURRENT_PROJECT_VERSION = 1;
				GENERATE_INFOPLIST_FILE = YES;
				INFOPLIST_FILE = SerialSherlock/Info.plist;
				INFOPLIST_KEY_UIApplicationSupportsIndirectInputEvents = YES;
				INFOPLIST_KEY_UILaunchStoryboardName = LaunchScreen;
				INFOPLIST_KEY_UIMainStoryboardFile = Main;
				INFOPLIST_KEY_UISupportedInterfaceOrientations_iPad = "UIInterfaceOrientationPortrait UIInterfaceOrientationPortraitUpsideDown UIInterfaceOrientationLandscapeLeft UIInterfaceOrientationLandscapeRight";
				INFOPLIST_KEY_UISupportedInterfaceOrientations_iPhone = "UIInterfaceOrientationPortrait UIInterfaceOrientationLandscapeLeft UIInterfaceOrientationLandscapeRight";
				LD_RUNPATH_SEARCH_PATHS = (
					"$(inherited)",
					"@executable_path/Frameworks",
				);
				MARKETING_VERSION = 1.0;
				PRODUCT_BUNDLE_IDENTIFIER = kz.mobydev.SerialSherlock;
				PRODUCT_NAME = "$(TARGET_NAME)";
				SWIFT_EMIT_LOC_STRINGS = YES;
				SWIFT_VERSION = 5.0;
				TARGETED_DEVICE_FAMILY = "1,2";
			};
			name = Debug;
		};
		CA0431DE2A1787F200AD3F83 /* Release */ = {
			isa = XCBuildConfiguration;
			buildSettings = {
				ASSETCATALOG_COMPILER_APPICON_NAME = AppIcon;
				ASSETCATALOG_COMPILER_GLOBAL_ACCENT_COLOR_NAME = AccentColor;
				CODE_SIGN_STYLE = Automatic;
				CURRENT_PROJECT_VERSION = 1;
				GENERATE_INFOPLIST_FILE = YES;
				INFOPLIST_FILE = SerialSherlock/Info.plist;
				INFOPLIST_KEY_UIApplicationSupportsIndirectInputEvents = YES;
				INFOPLIST_KEY_UILaunchStoryboardName = LaunchScreen;
				INFOPLIST_KEY_UIMainStoryboardFile = Main;
				INFOPLIST_KEY_UISupportedInterfaceOrientations_iPad = "UIInterfaceOrientationPortrait UIInterfaceOrientationPortraitUpsideDown UIInterfaceOrientationLandscapeLeft UIInterfaceOrientationLandscapeRight";
				INFOPLIST_KEY_UISupportedInterfaceOrientations_iPhone = "UIInterfaceOrientationPortrait UIInterfaceOrientationLandscapeLeft UIInterfaceOrientationLandscapeRight";
				LD_RUNPATH_SEARCH_PATHS = (
					"$(inherited)",
					"@executable_path/Frameworks",
				);
				MARKETING_VERSION = 1.0;
				PRODUCT_BUNDLE_IDENTIFIER = kz.mobydev.SerialSherlock;
				PRODUCT_NAME = "$(TARGET_NAME)";
				SWIFT_EMIT_LOC_STRINGS = YES;
				SWIFT_VERSION = 5.0;
				TARGETED_DEVICE_FAMILY = "1,2";
			};
			name = Release;
		};
/* End XCBuildConfiguration section */

/* Begin XCConfigurationList section */
		CA0431C32A1787F100AD3F83 /* Build configuration list for PBXProject "SerialSherlock" */ = {
			isa = XCConfigurationList;
			buildConfigurations = (
				CA0431DA2A1787F200AD3F83 /* Debug */,
				CA0431DB2A1787F200AD3F83 /* Release */,
			);
			defaultConfigurationIsVisible = 0;
			defaultConfigurationName = Release;
		};
		CA0431DC2A1787F200AD3F83 /* Build configuration list for PBXNativeTarget "SerialSherlock" */ = {
			isa = XCConfigurationList;
			buildConfigurations = (
				CA0431DD2A1787F200AD3F83 /* Debug */,
				CA0431DE2A1787F200AD3F83 /* Release */,
			);
			defaultConfigurationIsVisible = 0;
			defaultConfigurationName = Release;
		};
/* End XCConfigurationList section */
	};
	rootObject = CA0431C02A1787F100AD3F83 /* Project object */;
}
